
Microsoft Visual Studio Solution File, Format Version 12.00
# Visual Studio Version 17
VisualStudioVersion = 17.4.33205.214
MinimumVisualStudioVersion = 10.0.40219.1
Project("{FAE04EC0-301F-11D3-BF4B-00C04F79EFBC}") = "ProjetoFullStackCRUD.Server", "ProjetoFullStackCRUD\Server\ProjetoFullStackCRUD.Server.csproj", "{1DCC2EC3-4F03-439C-A1DA-B99507D1A718}"
EndProject
Project("{FAE04EC0-301F-11D3-BF4B-00C04F79EFBC}") = "ProjetoFullStackCRUD.Client", "ProjetoFullStackCRUD\Client\ProjetoFullStackCRUD.Client.csproj", "{7AD2DCF6-BC19-4C8B-BB90-01580FED330B}"
EndProject
Project("{FAE04EC0-301F-11D3-BF4B-00C04F79EFBC}") = "ProjetoFullStackCRUD.Shared", "ProjetoFullStackCRUD\Shared\ProjetoFullStackCRUD.Shared.csproj", "{3FE0C687-4BAF-44C3-8C81-A988062F24C9}"
EndProject
Global
	GlobalSection(SolutionConfigurationPlatforms) = preSolution
		Debug|Any CPU = Debug|Any CPU
		Release|Any CPU = Release|Any CPU
	EndGlobalSection
	GlobalSection(ProjectConfigurationPlatforms) = postSolution
		{1DCC2EC3-4F03-439C-A1DA-B99507D1A718}.Debug|Any CPU.ActiveCfg = Debug|Any CPU
		{1DCC2EC3-4F03-439C-A1DA-B99507D1A718}.Debug|Any CPU.Build.0 = Debug|Any CPU
		{1DCC2EC3-4F03-439C-A1DA-B99507D1A718}.Release|Any CPU.ActiveCfg = Release|Any CPU
		{1DCC2EC3-4F03-439C-A1DA-B99507D1A718}.Release|Any CPU.Build.0 = Release|Any CPU
		{7AD2DCF6-BC19-4C8B-BB90-01580FED330B}.Debug|Any CPU.ActiveCfg = Debug|Any CPU
		{7AD2DCF6-BC19-4C8B-BB90-01580FED330B}.Debug|Any CPU.Build.0 = Debug|Any CPU
		{7AD2DCF6-BC19-4C8B-BB90-01580FED330B}.Release|Any CPU.ActiveCfg = Release|Any CPU
		{7AD2DCF6-BC19-4C8B-BB90-01580FED330B}.Release|Any CPU.Build.0 = Release|Any CPU
		{3FE0C687-4BAF-44C3-8C81-A988062F24C9}.Debug|Any CPU.ActiveCfg = Debug|Any CPU
		{3FE0C687-4BAF-44C3-8C81-A988062F24C9}.Debug|Any CPU.Build.0 = Debug|Any CPU
		{3FE0C687-4BAF-44C3-8C81-A988062F24C9}.Release|Any CPU.ActiveCfg = Release|Any CPU
		{3FE0C687-4BAF-44C3-8C81-A988062F24C9}.Release|Any CPU.Build.0 = Release|Any CPU
	EndGlobalSection
	GlobalSection(SolutionProperties) = preSolution
		HideSolutionNode = FALSE
	EndGlobalSection
	GlobalSection(ExtensibilityGlobals) = postSolution
		SolutionGuid = {4654D9E9-3BEF-4C8D-8A9A-3C06997A9327}
	EndGlobalSection
EndGlobal
